// !$*UTF8*$!
{
	archiveVersion = 1;
	classes = {
	};
	objectVersion = 46;
	objects = {

/* Begin PBXBuildFile section */
		84461C651977AB0F00F70AB7 /* Foundation.framework in Frameworks */ = {isa = PBXBuildFile; fileRef = 84461C641977AB0F00F70AB7 /* Foundation.framework */; };
		84461C671977AB0F00F70AB7 /* CoreGraphics.framework in Frameworks */ = {isa = PBXBuildFile; fileRef = 84461C661977AB0F00F70AB7 /* CoreGraphics.framework */; };
		84461C691977AB0F00F70AB7 /* UIKit.framework in Frameworks */ = {isa = PBXBuildFile; fileRef = 84461C681977AB0F00F70AB7 /* UIKit.framework */; };
		84461C6F1977AB0F00F70AB7 /* InfoPlist.strings in Resources */ = {isa = PBXBuildFile; fileRef = 84461C6D1977AB0F00F70AB7 /* InfoPlist.strings */; };
		84461C711977AB0F00F70AB7 /* main.m in Sources */ = {isa = PBXBuildFile; fileRef = 84461C701977AB0F00F70AB7 /* main.m */; };
		84461C751977AB0F00F70AB7 /* AVLTreeAppDelegate.m in Sources */ = {isa = PBXBuildFile; fileRef = 84461C741977AB0F00F70AB7 /* AVLTreeAppDelegate.m */; };
		84461C781977AB0F00F70AB7 /* Main_iPhone.storyboard in Resources */ = {isa = PBXBuildFile; fileRef = 84461C761977AB0F00F70AB7 /* Main_iPhone.storyboard */; };
		84461C7B1977AB0F00F70AB7 /* Main_iPad.storyboard in Resources */ = {isa = PBXBuildFile; fileRef = 84461C791977AB0F00F70AB7 /* Main_iPad.storyboard */; };
		84461C7E1977AB0F00F70AB7 /* AVLTreeViewController.m in Sources */ = {isa = PBXBuildFile; fileRef = 84461C7D1977AB0F00F70AB7 /* AVLTreeViewController.m */; };
		84461C801977AB0F00F70AB7 /* Images.xcassets in Resources */ = {isa = PBXBuildFile; fileRef = 84461C7F1977AB0F00F70AB7 /* Images.xcassets */; };
		84461C871977AB0F00F70AB7 /* XCTest.framework in Frameworks */ = {isa = PBXBuildFile; fileRef = 84461C861977AB0F00F70AB7 /* XCTest.framework */; };
		84461C881977AB0F00F70AB7 /* Foundation.framework in Frameworks */ = {isa = PBXBuildFile; fileRef = 84461C641977AB0F00F70AB7 /* Foundation.framework */; };
		84461C891977AB0F00F70AB7 /* UIKit.framework in Frameworks */ = {isa = PBXBuildFile; fileRef = 84461C681977AB0F00F70AB7 /* UIKit.framework */; };
		84461C911977AB0F00F70AB7 /* InfoPlist.strings in Resources */ = {isa = PBXBuildFile; fileRef = 84461C8F1977AB0F00F70AB7 /* InfoPlist.strings */; };
		84461C931977AB0F00F70AB7 /* iAVLTreeTests.m in Sources */ = {isa = PBXBuildFile; fileRef = 84461C921977AB0F00F70AB7 /* iAVLTreeTests.m */; };
		84461C9E1977AE4900F70AB7 /* AVLNode.m in Sources */ = {isa = PBXBuildFile; fileRef = 84461C9D1977AE4900F70AB7 /* AVLNode.m */; };
		84461CA11977AF0000F70AB7 /* AVLTree.m in Sources */ = {isa = PBXBuildFile; fileRef = 84461CA01977AF0000F70AB7 /* AVLTree.m */; };
/* End PBXBuildFile section */

/* Begin PBXContainerItemProxy section */
		84461C8A1977AB0F00F70AB7 /* PBXContainerItemProxy */ = {
			isa = PBXContainerItemProxy;
			containerPortal = 84461C591977AB0F00F70AB7 /* Project object */;
			proxyType = 1;
			remoteGlobalIDString = 84461C601977AB0F00F70AB7;
			remoteInfo = iAVLTree;
		};
/* End PBXContainerItemProxy section */

/* Begin PBXFileReference section */
		84461C611977AB0F00F70AB7 /* iAVLTree.app */ = {isa = PBXFileReference; explicitFileType = wrapper.application; includeInIndex = 0; path = iAVLTree.app; sourceTree = BUILT_PRODUCTS_DIR; };
		84461C641977AB0F00F70AB7 /* Foundation.framework */ = {isa = PBXFileReference; lastKnownFileType = wrapper.framework; name = Foundation.framework; path = System/Library/Frameworks/Foundation.framework; sourceTree = SDKROOT; };
		84461C661977AB0F00F70AB7 /* CoreGraphics.framework */ = {isa = PBXFileReference; lastKnownFileType = wrapper.framework; name = CoreGraphics.framework; path = System/Library/Frameworks/CoreGraphics.framework; sourceTree = SDKROOT; };
		84461C681977AB0F00F70AB7 /* UIKit.framework */ = {isa = PBXFileReference; lastKnownFileType = wrapper.framework; name = UIKit.framework; path = System/Library/Frameworks/UIKit.framework; sourceTree = SDKROOT; };
		84461C6C1977AB0F00F70AB7 /* iAVLTree-Info.plist */ = {isa = PBXFileReference; lastKnownFileType = text.plist.xml; path = "iAVLTree-Info.plist"; sourceTree = "<group>"; };
		84461C6E1977AB0F00F70AB7 /* en */ = {isa = PBXFileReference; lastKnownFileType = text.plist.strings; name = en; path = en.lproj/InfoPlist.strings; sourceTree = "<group>"; };
		84461C701977AB0F00F70AB7 /* main.m */ = {isa = PBXFileReference; lastKnownFileType = sourcecode.c.objc; path = main.m; sourceTree = "<group>"; };
		84461C721977AB0F00F70AB7 /* iAVLTree-Prefix.pch */ = {isa = PBXFileReference; lastKnownFileType = sourcecode.c.h; path = "iAVLTree-Prefix.pch"; sourceTree = "<group>"; };
		84461C731977AB0F00F70AB7 /* AVLTreeAppDelegate.h */ = {isa = PBXFileReference; lastKnownFileType = sourcecode.c.h; path = AVLTreeAppDelegate.h; sourceTree = "<group>"; };
		84461C741977AB0F00F70AB7 /* AVLTreeAppDelegate.m */ = {isa = PBXFileReference; lastKnownFileType = sourcecode.c.objc; path = AVLTreeAppDelegate.m; sourceTree = "<group>"; };
		84461C771977AB0F00F70AB7 /* Base */ = {isa = PBXFileReference; lastKnownFileType = file.storyboard; name = Base; path = Base.lproj/Main_iPhone.storyboard; sourceTree = "<group>"; };
		84461C7A1977AB0F00F70AB7 /* Base */ = {isa = PBXFileReference; lastKnownFileType = file.storyboard; name = Base; path = Base.lproj/Main_iPad.storyboard; sourceTree = "<group>"; };
		84461C7C1977AB0F00F70AB7 /* AVLTreeViewController.h */ = {isa = PBXFileReference; lastKnownFileType = sourcecode.c.h; path = AVLTreeViewController.h; sourceTree = "<group>"; };
		84461C7D1977AB0F00F70AB7 /* AVLTreeViewController.m */ = {isa = PBXFileReference; lastKnownFileType = sourcecode.c.objc; path = AVLTreeViewController.m; sourceTree = "<group>"; };
		84461C7F1977AB0F00F70AB7 /* Images.xcassets */ = {isa = PBXFileReference; lastKnownFileType = folder.assetcatalog; path = Images.xcassets; sourceTree = "<group>"; };
		84461C851977AB0F00F70AB7 /* iAVLTreeTests.xctest */ = {isa = PBXFileReference; explicitFileType = wrapper.cfbundle; includeInIndex = 0; path = iAVLTreeTests.xctest; sourceTree = BUILT_PRODUCTS_DIR; };
		84461C861977AB0F00F70AB7 /* XCTest.framework */ = {isa = PBXFileReference; lastKnownFileType = wrapper.framework; name = XCTest.framework; path = Library/Frameworks/XCTest.framework; sourceTree = DEVELOPER_DIR; };
		84461C8E1977AB0F00F70AB7 /* iAVLTreeTests-Info.plist */ = {isa = PBXFileReference; lastKnownFileType = text.plist.xml; path = "iAVLTreeTests-Info.plist"; sourceTree = "<group>"; };
		84461C901977AB0F00F70AB7 /* en */ = {isa = PBXFileReference; lastKnownFileType = text.plist.strings; name = en; path = en.lproj/InfoPlist.strings; sourceTree = "<group>"; };
		84461C921977AB0F00F70AB7 /* iAVLTreeTests.m */ = {isa = PBXFileReference; lastKnownFileType = sourcecode.c.objc; path = iAVLTreeTests.m; sourceTree = "<group>"; };
		84461C9C1977AE4900F70AB7 /* AVLNode.h */ = {isa = PBXFileReference; fileEncoding = 4; lastKnownFileType = sourcecode.c.h; path = AVLNode.h; sourceTree = "<group>"; };
		84461C9D1977AE4900F70AB7 /* AVLNode.m */ = {isa = PBXFileReference; fileEncoding = 4; lastKnownFileType = sourcecode.c.objc; path = AVLNode.m; sourceTree = "<group>"; };
		84461C9F1977AF0000F70AB7 /* AVLTree.h */ = {isa = PBXFileReference; fileEncoding = 4; lastKnownFileType = sourcecode.c.h; path = AVLTree.h; sourceTree = "<group>"; };
		84461CA01977AF0000F70AB7 /* AVLTree.m */ = {isa = PBXFileReference; fileEncoding = 4; lastKnownFileType = sourcecode.c.objc; path = AVLTree.m; sourceTree = "<group>"; };
/* End PBXFileReference section */

/* Begin PBXFrameworksBuildPhase section */
		84461C5E1977AB0F00F70AB7 /* Frameworks */ = {
			isa = PBXFrameworksBuildPhase;
			buildActionMask = 2147483647;
			files = (
				84461C671977AB0F00F70AB7 /* CoreGraphics.framework in Frameworks */,
				84461C691977AB0F00F70AB7 /* UIKit.framework in Frameworks */,
				84461C651977AB0F00F70AB7 /* Foundation.framework in Frameworks */,
			);
			runOnlyForDeploymentPostprocessing = 0;
		};
		84461C821977AB0F00F70AB7 /* Frameworks */ = {
			isa = PBXFrameworksBuildPhase;
			buildActionMask = 2147483647;
			files = (
				84461C871977AB0F00F70AB7 /* XCTest.framework in Frameworks */,
				84461C891977AB0F00F70AB7 /* UIKit.framework in Frameworks */,
				84461C881977AB0F00F70AB7 /* Foundation.framework in Frameworks */,
			);
			runOnlyForDeploymentPostprocessing = 0;
		};
/* End PBXFrameworksBuildPhase section */

/* Begin PBXGroup section */
		84461C581977AB0F00F70AB7 = {
			isa = PBXGroup;
			children = (
				84461C6A1977AB0F00F70AB7 /* iAVLTree */,
				84461C8C1977AB0F00F70AB7 /* iAVLTreeTests */,
				84461C631977AB0F00F70AB7 /* Frameworks */,
				84461C621977AB0F00F70AB7 /* Products */,
			);
			sourceTree = "<group>";
		};
		84461C621977AB0F00F70AB7 /* Products */ = {
			isa = PBXGroup;
			children = (
				84461C611977AB0F00F70AB7 /* iAVLTree.app */,
				84461C851977AB0F00F70AB7 /* iAVLTreeTests.xctest */,
			);
			name = Products;
			sourceTree = "<group>";
		};
		84461C631977AB0F00F70AB7 /* Frameworks */ = {
			isa = PBXGroup;
			children = (
				84461C641977AB0F00F70AB7 /* Foundation.framework */,
				84461C661977AB0F00F70AB7 /* CoreGraphics.framework */,
				84461C681977AB0F00F70AB7 /* UIKit.framework */,
				84461C861977AB0F00F70AB7 /* XCTest.framework */,
			);
			name = Frameworks;
			sourceTree = "<group>";
		};
		84461C6A1977AB0F00F70AB7 /* iAVLTree */ = {
			isa = PBXGroup;
			children = (
				84461C731977AB0F00F70AB7 /* AVLTreeAppDelegate.h */,
				84461C741977AB0F00F70AB7 /* AVLTreeAppDelegate.m */,
				84461C761977AB0F00F70AB7 /* Main_iPhone.storyboard */,
				84461C791977AB0F00F70AB7 /* Main_iPad.storyboard */,
				84461C7C1977AB0F00F70AB7 /* AVLTreeViewController.h */,
				84461C7D1977AB0F00F70AB7 /* AVLTreeViewController.m */,
				84461C9C1977AE4900F70AB7 /* AVLNode.h */,
				84461C9D1977AE4900F70AB7 /* AVLNode.m */,
				84461C9F1977AF0000F70AB7 /* AVLTree.h */,
				84461CA01977AF0000F70AB7 /* AVLTree.m */,
				84461C7F1977AB0F00F70AB7 /* Images.xcassets */,
				84461C6B1977AB0F00F70AB7 /* Supporting Files */,
			);
			path = iAVLTree;
			sourceTree = "<group>";
		};
		84461C6B1977AB0F00F70AB7 /* Supporting Files */ = {
			isa = PBXGroup;
			children = (
				84461C6C1977AB0F00F70AB7 /* iAVLTree-Info.plist */,
				84461C6D1977AB0F00F70AB7 /* InfoPlist.strings */,
				84461C701977AB0F00F70AB7 /* main.m */,
				84461C721977AB0F00F70AB7 /* iAVLTree-Prefix.pch */,
			);
			name = "Supporting Files";
			sourceTree = "<group>";
		};
		84461C8C1977AB0F00F70AB7 /* iAVLTreeTests */ = {
			isa = PBXGroup;
			children = (
				84461C921977AB0F00F70AB7 /* iAVLTreeTests.m */,
				84461C8D1977AB0F00F70AB7 /* Supporting Files */,
			);
			path = iAVLTreeTests;
			sourceTree = "<group>";
		};
		84461C8D1977AB0F00F70AB7 /* Supporting Files */ = {
			isa = PBXGroup;
			children = (
				84461C8E1977AB0F00F70AB7 /* iAVLTreeTests-Info.plist */,
				84461C8F1977AB0F00F70AB7 /* InfoPlist.strings */,
			);
			name = "Supporting Files";
			sourceTree = "<group>";
		};
/* End PBXGroup section */

/* Begin PBXNativeTarget section */
		84461C601977AB0F00F70AB7 /* iAVLTree */ = {
			isa = PBXNativeTarget;
			buildConfigurationList = 84461C961977AB0F00F70AB7 /* Build configuration list for PBXNativeTarget "iAVLTree" */;
			buildPhases = (
				84461C5D1977AB0F00F70AB7 /* Sources */,
				84461C5E1977AB0F00F70AB7 /* Frameworks */,
				84461C5F1977AB0F00F70AB7 /* Resources */,
			);
			buildRules = (
			);
			dependencies = (
			);
			name = iAVLTree;
			productName = iAVLTree;
			productReference = 84461C611977AB0F00F70AB7 /* iAVLTree.app */;
			productType = "com.apple.product-type.application";
		};
		84461C841977AB0F00F70AB7 /* iAVLTreeTests */ = {
			isa = PBXNativeTarget;
			buildConfigurationList = 84461C991977AB0F00F70AB7 /* Build configuration list for PBXNativeTarget "iAVLTreeTests" */;
			buildPhases = (
				84461C811977AB0F00F70AB7 /* Sources */,
				84461C821977AB0F00F70AB7 /* Frameworks */,
				84461C831977AB0F00F70AB7 /* Resources */,
			);
			buildRules = (
			);
			dependencies = (
				84461C8B1977AB0F00F70AB7 /* PBXTargetDependency */,
			);
			name = iAVLTreeTests;
			productName = iAVLTreeTests;
			productReference = 84461C851977AB0F00F70AB7 /* iAVLTreeTests.xctest */;
			productType = "com.apple.product-type.bundle.unit-test";
		};
/* End PBXNativeTarget section */

/* Begin PBXProject section */
		84461C591977AB0F00F70AB7 /* Project object */ = {
			isa = PBXProject;
			attributes = {
				CLASSPREFIX = AVLTree;
				LastUpgradeCheck = 0510;
				TargetAttributes = {
					84461C841977AB0F00F70AB7 = {
						TestTargetID = 84461C601977AB0F00F70AB7;
					};
				};
			};
			buildConfigurationList = 84461C5C1977AB0F00F70AB7 /* Build configuration list for PBXProject "iAVLTree" */;
			compatibilityVersion = "Xcode 3.2";
			developmentRegion = English;
			hasScannedForEncodings = 0;
			knownRegions = (
				en,
				Base,
			);
			mainGroup = 84461C581977AB0F00F70AB7;
			productRefGroup = 84461C621977AB0F00F70AB7 /* Products */;
			projectDirPath = "";
			projectRoot = "";
			targets = (
				84461C601977AB0F00F70AB7 /* iAVLTree */,
				84461C841977AB0F00F70AB7 /* iAVLTreeTests */,
			);
		};
/* End PBXProject section */

/* Begin PBXResourcesBuildPhase section */
		84461C5F1977AB0F00F70AB7 /* Resources */ = {
			isa = PBXResourcesBuildPhase;
			buildActionMask = 2147483647;
			files = (
				84461C7B1977AB0F00F70AB7 /* Main_iPad.storyboard in Resources */,
				84461C801977AB0F00F70AB7 /* Images.xcassets in Resources */,
				84461C781977AB0F00F70AB7 /* Main_iPhone.storyboard in Resources */,
				84461C6F1977AB0F00F70AB7 /* InfoPlist.strings in Resources */,
			);
			runOnlyForDeploymentPostprocessing = 0;
		};
		84461C831977AB0F00F70AB7 /* Resources */ = {
			isa = PBXResourcesBuildPhase;
			buildActionMask = 2147483647;
			files = (
				84461C911977AB0F00F70AB7 /* InfoPlist.strings in Resources */,
			);
			runOnlyForDeploymentPostprocessing = 0;
		};
/* End PBXResourcesBuildPhase section */

/* Begin PBXSourcesBuildPhase section */
		84461C5D1977AB0F00F70AB7 /* Sources */ = {
			isa = PBXSourcesBuildPhase;
			buildActionMask = 2147483647;
			files = (
				84461C7E1977AB0F00F70AB7 /* AVLTreeViewController.m in Sources */,
				84461C9E1977AE4900F70AB7 /* AVLNode.m in Sources */,
				84461C751977AB0F00F70AB7 /* AVLTreeAppDelegate.m in Sources */,
				84461CA11977AF0000F70AB7 /* AVLTree.m in Sources */,
				84461C711977AB0F00F70AB7 /* main.m in Sources */,
			);
			runOnlyForDeploymentPostprocessing = 0;
		};
		84461C811977AB0F00F70AB7 /* Sources */ = {
			isa = PBXSourcesBuildPhase;
			buildActionMask = 2147483647;
			files = (
				84461C931977AB0F00F70AB7 /* iAVLTreeTests.m in Sources */,
			);
			runOnlyForDeploymentPostprocessing = 0;
		};
/* End PBXSourcesBuildPhase section */

/* Begin PBXTargetDependency section */
		84461C8B1977AB0F00F70AB7 /* PBXTargetDependency */ = {
			isa = PBXTargetDependency;
			target = 84461C601977AB0F00F70AB7 /* iAVLTree */;
			targetProxy = 84461C8A1977AB0F00F70AB7 /* PBXContainerItemProxy */;
		};
/* End PBXTargetDependency section */

/* Begin PBXVariantGroup section */
		84461C6D1977AB0F00F70AB7 /* InfoPlist.strings */ = {
			isa = PBXVariantGroup;
			children = (
				84461C6E1977AB0F00F70AB7 /* en */,
			);
			name = InfoPlist.strings;
			sourceTree = "<group>";
		};
		84461C761977AB0F00F70AB7 /* Main_iPhone.storyboard */ = {
			isa = PBXVariantGroup;
			children = (
				84461C771977AB0F00F70AB7 /* Base */,
			);
			name = Main_iPhone.storyboard;
			sourceTree = "<group>";
		};
		84461C791977AB0F00F70AB7 /* Main_iPad.storyboard */ = {
			isa = PBXVariantGroup;
			children = (
				84461C7A1977AB0F00F70AB7 /* Base */,
			);
			name = Main_iPad.storyboard;
			sourceTree = "<group>";
		};
		84461C8F1977AB0F00F70AB7 /* InfoPlist.strings */ = {
			isa = PBXVariantGroup;
			children = (
				84461C901977AB0F00F70AB7 /* en */,
			);
			name = InfoPlist.strings;
			sourceTree = "<group>";
		};
/* End PBXVariantGroup section */

/* Begin XCBuildConfiguration section */
		84461C941977AB0F00F70AB7 /* Debug */ = {
			isa = XCBuildConfiguration;
			buildSettings = {
				ALWAYS_SEARCH_USER_PATHS = NO;
				CLANG_CXX_LANGUAGE_STANDARD = "gnu++0x";
				CLANG_CXX_LIBRARY = "libc++";
				CLANG_ENABLE_MODULES = YES;
				CLANG_ENABLE_OBJC_ARC = YES;
				CLANG_WARN_BOOL_CONVERSION = YES;
				CLANG_WARN_CONSTANT_CONVERSION = YES;
				CLANG_WARN_DIRECT_OBJC_ISA_USAGE = YES_ERROR;
				CLANG_WARN_EMPTY_BODY = YES;
				CLANG_WARN_ENUM_CONVERSION = YES;
				CLANG_WARN_INT_CONVERSION = YES;
				CLANG_WARN_OBJC_ROOT_CLASS = YES_ERROR;
				CLANG_WARN__DUPLICATE_METHOD_MATCH = YES;
				"CODE_SIGN_IDENTITY[sdk=iphoneos*]" = "iPhone Developer";
				COPY_PHASE_STRIP = NO;
				GCC_C_LANGUAGE_STANDARD = gnu99;
				GCC_DYNAMIC_NO_PIC = NO;
				GCC_OPTIMIZATION_LEVEL = 0;
				GCC_PREPROCESSOR_DEFINITIONS = (
					"DEBUG=1",
					"$(inherited)",
				);
				GCC_SYMBOLS_PRIVATE_EXTERN = NO;
				GCC_WARN_64_TO_32_BIT_CONVERSION = YES;
				GCC_WARN_ABOUT_RETURN_TYPE = YES_ERROR;
				GCC_WARN_UNDECLARED_SELECTOR = YES;
				GCC_WARN_UNINITIALIZED_AUTOS = YES_AGGRESSIVE;
				GCC_WARN_UNUSED_FUNCTION = YES;
				GCC_WARN_UNUSED_VARIABLE = YES;
				IPHONEOS_DEPLOYMENT_TARGET = 7.1;
				ONLY_ACTIVE_ARCH = YES;
				SDKROOT = iphoneos;
				TARGETED_DEVICE_FAMILY = "1,2";
			};
			name = Debug;
		};
		84461C951977AB0F00F70AB7 /* Release */ = {
			isa = XCBuildConfiguration;
			buildSettings = {
				ALWAYS_SEARCH_USER_PATHS = NO;
				CLANG_CXX_LANGUAGE_STANDARD = "gnu++0x";
				CLANG_CXX_LIBRARY = "libc++";
				CLANG_ENABLE_MODULES = YES;
				CLANG_ENABLE_OBJC_ARC = YES;
				CLANG_WARN_BOOL_CONVERSION = YES;
				CLANG_WARN_CONSTANT_CONVERSION = YES;
				CLANG_WARN_DIRECT_OBJC_ISA_USAGE = YES_ERROR;
				CLANG_WARN_EMPTY_BODY = YES;
				CLANG_WARN_ENUM_CONVERSION = YES;
				CLANG_WARN_INT_CONVERSION = YES;
				CLANG_WARN_OBJC_ROOT_CLASS = YES_ERROR;
				CLANG_WARN__DUPLICATE_METHOD_MATCH = YES;
				"CODE_SIGN_IDENTITY[sdk=iphoneos*]" = "iPhone Developer";
				COPY_PHASE_STRIP = YES;
				ENABLE_NS_ASSERTIONS = NO;
				GCC_C_LANGUAGE_STANDARD = gnu99;
				GCC_WARN_64_TO_32_BIT_CONVERSION = YES;
				GCC_WARN_ABOUT_RETURN_TYPE = YES_ERROR;
				GCC_WARN_UNDECLARED_SELECTOR = YES;
				GCC_WARN_UNINITIALIZED_AUTOS = YES_AGGRESSIVE;
				GCC_WARN_UNUSED_FUNCTION = YES;
				GCC_WARN_UNUSED_VARIABLE = YES;
				IPHONEOS_DEPLOYMENT_TARGET = 7.1;
				SDKROOT = iphoneos;
				TARGETED_DEVICE_FAMILY = "1,2";
				VALIDATE_PRODUCT = YES;
			};
			name = Release;
		};
		84461C971977AB0F00F70AB7 /* Debug */ = {
			isa = XCBuildConfiguration;
			buildSettings = {
				ASSETCATALOG_COMPILER_APPICON_NAME = AppIcon;
				ASSETCATALOG_COMPILER_LAUNCHIMAGE_NAME = LaunchImage;
				GCC_PRECOMPILE_PREFIX_HEADER = YES;
				GCC_PREFIX_HEADER = "iAVLTree/iAVLTree-Prefix.pch";
				INFOPLIST_FILE = "iAVLTree/iAVLTree-Info.plist";
				PRODUCT_NAME = "$(TARGET_NAME)";
				WRAPPER_EXTENSION = app;
			};
			name = Debug;
		};
		84461C981977AB0F00F70AB7 /* Release */ = {
			isa = XCBuildConfiguration;
			buildSettings = {
				ASSETCATALOG_COMPILER_APPICON_NAME = AppIcon;
				ASSETCATALOG_COMPILER_LAUNCHIMAGE_NAME = LaunchImage;
				GCC_PRECOMPILE_PREFIX_HEADER = YES;
				GCC_PREFIX_HEADER = "iAVLTree/iAVLTree-Prefix.pch";
				INFOPLIST_FILE = "iAVLTree/iAVLTree-Info.plist";
				PRODUCT_NAME = "$(TARGET_NAME)";
				WRAPPER_EXTENSION = app;
			};
			name = Release;
		};
		84461C9A1977AB0F00F70AB7 /* Debug */ = {
			isa = XCBuildConfiguration;
			buildSettings = {
				BUNDLE_LOADER = "$(BUILT_PRODUCTS_DIR)/iAVLTree.app/iAVLTree";
				FRAMEWORK_SEARCH_PATHS = (
					"$(SDKROOT)/Developer/Library/Frameworks",
					"$(inherited)",
					"$(DEVELOPER_FRAMEWORKS_DIR)",
				);
				GCC_PRECOMPILE_PREFIX_HEADER = YES;
				GCC_PREFIX_HEADER = "iAVLTree/iAVLTree-Prefix.pch";
				GCC_PREPROCESSOR_DEFINITIONS = (
					"DEBUG=1",
					"$(inherited)",
				);
				INFOPLIST_FILE = "iAVLTreeTests/iAVLTreeTests-Info.plist";
				PRODUCT_NAME = "$(TARGET_NAME)";
				TEST_HOST = "$(BUNDLE_LOADER)";
				WRAPPER_EXTENSION = xctest;
			};
			name = Debug;
		};
		84461C9B1977AB0F00F70AB7 /* Release */ = {
			isa = XCBuildConfiguration;
			buildSettings = {
				BUNDLE_LOADER = "$(BUILT_PRODUCTS_DIR)/iAVLTree.app/iAVLTree";
				FRAMEWORK_SEARCH_PATHS = (
					"$(SDKROOT)/Developer/Library/Frameworks",
					"$(inherited)",
					"$(DEVELOPER_FRAMEWORKS_DIR)",
				);
				GCC_PRECOMPILE_PREFIX_HEADER = YES;
				GCC_PREFIX_HEADER = "iAVLTree/iAVLTree-Prefix.pch";
				INFOPLIST_FILE = "iAVLTreeTests/iAVLTreeTests-Info.plist";
				PRODUCT_NAME = "$(TARGET_NAME)";
				TEST_HOST = "$(BUNDLE_LOADER)";
				WRAPPER_EXTENSION = xctest;
			};
			name = Release;
		};
/* End XCBuildConfiguration section */

/* Begin XCConfigurationList section */
		84461C5C1977AB0F00F70AB7 /* Build configuration list for PBXProject "iAVLTree" */ = {
			isa = XCConfigurationList;
			buildConfigurations = (
				84461C941977AB0F00F70AB7 /* Debug */,
				84461C951977AB0F00F70AB7 /* Release */,
			);
			defaultConfigurationIsVisible = 0;
			defaultConfigurationName = Release;
		};
		84461C961977AB0F00F70AB7 /* Build configuration list for PBXNativeTarget "iAVLTree" */ = {
			isa = XCConfigurationList;
			buildConfigurations = (
				84461C971977AB0F00F70AB7 /* Debug */,
				84461C981977AB0F00F70AB7 /* Release */,
			);
			defaultConfigurationIsVisible = 0;
		};
		84461C991977AB0F00F70AB7 /* Build configuration list for PBXNativeTarget "iAVLTreeTests" */ = {
			isa = XCConfigurationList;
			buildConfigurations = (
				84461C9A1977AB0F00F70AB7 /* Debug */,
				84461C9B1977AB0F00F70AB7 /* Release */,
			);
			defaultConfigurationIsVisible = 0;
		};
/* End XCConfigurationList section */
	};
	rootObject = 84461C591977AB0F00F70AB7 /* Project object */;
}
